
Microsoft Visual Studio Solution File, Format Version 12.00
# Visual Studio Version 17
VisualStudioVersion = 17.8.34330.188
MinimumVisualStudioVersion = 10.0.40219.1
Project("{FAE04EC0-301F-11D3-BF4B-00C04F79EFBC}") = "Staircase", "Staircase\Staircase.csproj", "{1C16A4A9-CB9F-4173-BEB6-5962387DC9DC}"
EndProject
Global
	GlobalSection(SolutionConfigurationPlatforms) = preSolution
		Debug|Any CPU = Debug|Any CPU
		Release|Any CPU = Release|Any CPU
	EndGlobalSection
	GlobalSection(ProjectConfigurationPlatforms) = postSolution
		{1C16A4A9-CB9F-4173-BEB6-5962387DC9DC}.Debug|Any CPU.ActiveCfg = Debug|Any CPU
		{1C16A4A9-CB9F-4173-BEB6-5962387DC9DC}.Debug|Any CPU.Build.0 = Debug|Any CPU
		{1C16A4A9-CB9F-4173-BEB6-5962387DC9DC}.Release|Any CPU.ActiveCfg = Release|Any CPU
		{1C16A4A9-CB9F-4173-BEB6-5962387DC9DC}.Release|Any CPU.Build.0 = Release|Any CPU
	EndGlobalSection
	GlobalSection(SolutionProperties) = preSolution
		HideSolutionNode = FALSE
	EndGlobalSection
	GlobalSection(ExtensibilityGlobals) = postSolution
		SolutionGuid = {E2B5B3C2-AB97-4B1A-ADAD-1551445F04F5}
	EndGlobalSection
EndGlobal
